// !$*UTF8*$!
{
	archiveVersion = 1;
	classes = {
	};
	objectVersion = 50;
	objects = {

/* Begin PBXBuildFile section */
		CD91625A20728CBA00DA5F96 /* AppDelegate.swift in Sources */ = {isa = PBXBuildFile; fileRef = CD91625920728CBA00DA5F96 /* AppDelegate.swift */; };
		CD91625C20728CBA00DA5F96 /* ViewController.swift in Sources */ = {isa = PBXBuildFile; fileRef = CD91625B20728CBA00DA5F96 /* ViewController.swift */; };
		CD91625F20728CBA00DA5F96 /* Main.storyboard in Resources */ = {isa = PBXBuildFile; fileRef = CD91625D20728CBA00DA5F96 /* Main.storyboard */; };
		CD91626120728CBF00DA5F96 /* Assets.xcassets in Resources */ = {isa = PBXBuildFile; fileRef = CD91626020728CBF00DA5F96 /* Assets.xcassets */; };
		CD91626420728CC000DA5F96 /* LaunchScreen.storyboard in Resources */ = {isa = PBXBuildFile; fileRef = CD91626220728CC000DA5F96 /* LaunchScreen.storyboard */; };
		CD91626F20728CC000DA5F96 /* quizAppTests.swift in Sources */ = {isa = PBXBuildFile; fileRef = CD91626E20728CC000DA5F96 /* quizAppTests.swift */; };
		CD91627A20728CC000DA5F96 /* quizAppUITests.swift in Sources */ = {isa = PBXBuildFile; fileRef = CD91627920728CC000DA5F96 /* quizAppUITests.swift */; };
/* End PBXBuildFile section */

/* Begin PBXContainerItemProxy section */
		CD91626B20728CC000DA5F96 /* PBXContainerItemProxy */ = {
			isa = PBXContainerItemProxy;
			containerPortal = CD91624E20728CBA00DA5F96 /* Project object */;
			proxyType = 1;
			remoteGlobalIDString = CD91625520728CBA00DA5F96;
			remoteInfo = quizApp;
		};
		CD91627620728CC000DA5F96 /* PBXContainerItemProxy */ = {
			isa = PBXContainerItemProxy;
			containerPortal = CD91624E20728CBA00DA5F96 /* Project object */;
			proxyType = 1;
			remoteGlobalIDString = CD91625520728CBA00DA5F96;
			remoteInfo = quizApp;
		};
/* End PBXContainerItemProxy section */

/* Begin PBXFileReference section */
		CD91625620728CBA00DA5F96 /* quizApp.app */ = {isa = PBXFileReference; explicitFileType = wrapper.application; includeInIndex = 0; path = quizApp.app; sourceTree = BUILT_PRODUCTS_DIR; };
		CD91625920728CBA00DA5F96 /* AppDelegate.swift */ = {isa = PBXFileReference; lastKnownFileType = sourcecode.swift; path = AppDelegate.swift; sourceTree = "<group>"; };
		CD91625B20728CBA00DA5F96 /* ViewController.swift */ = {isa = PBXFileReference; lastKnownFileType = sourcecode.swift; path = ViewController.swift; sourceTree = "<group>"; };
		CD91625E20728CBA00DA5F96 /* Base */ = {isa = PBXFileReference; lastKnownFileType = file.storyboard; name = Base; path = Base.lproj/Main.storyboard; sourceTree = "<group>"; };
		CD91626020728CBF00DA5F96 /* Assets.xcassets */ = {isa = PBXFileReference; lastKnownFileType = folder.assetcatalog; path = Assets.xcassets; sourceTree = "<group>"; };
		CD91626320728CC000DA5F96 /* Base */ = {isa = PBXFileReference; lastKnownFileType = file.storyboard; name = Base; path = Base.lproj/LaunchScreen.storyboard; sourceTree = "<group>"; };
		CD91626520728CC000DA5F96 /* Info.plist */ = {isa = PBXFileReference; lastKnownFileType = text.plist.xml; path = Info.plist; sourceTree = "<group>"; };
		CD91626A20728CC000DA5F96 /* quizAppTests.xctest */ = {isa = PBXFileReference; explicitFileType = wrapper.cfbundle; includeInIndex = 0; path = quizAppTests.xctest; sourceTree = BUILT_PRODUCTS_DIR; };
		CD91626E20728CC000DA5F96 /* quizAppTests.swift */ = {isa = PBXFileReference; lastKnownFileType = sourcecode.swift; path = quizAppTests.swift; sourceTree = "<group>"; };
		CD91627020728CC000DA5F96 /* Info.plist */ = {isa = PBXFileReference; lastKnownFileType = text.plist.xml; path = Info.plist; sourceTree = "<group>"; };
		CD91627520728CC000DA5F96 /* quizAppUITests.xctest */ = {isa = PBXFileReference; explicitFileType = wrapper.cfbundle; includeInIndex = 0; path = quizAppUITests.xctest; sourceTree = BUILT_PRODUCTS_DIR; };
		CD91627920728CC000DA5F96 /* quizAppUITests.swift */ = {isa = PBXFileReference; lastKnownFileType = sourcecode.swift; path = quizAppUITests.swift; sourceTree = "<group>"; };
		CD91627B20728CC000DA5F96 /* Info.plist */ = {isa = PBXFileReference; lastKnownFileType = text.plist.xml; path = Info.plist; sourceTree = "<group>"; };
/* End PBXFileReference section */

/* Begin PBXFrameworksBuildPhase section */
		CD91625320728CBA00DA5F96 /* Frameworks */ = {
			isa = PBXFrameworksBuildPhase;
			buildActionMask = 2147483647;
			files = (
			);
			runOnlyForDeploymentPostprocessing = 0;
		};
		CD91626720728CC000DA5F96 /* Frameworks */ = {
			isa = PBXFrameworksBuildPhase;
			buildActionMask = 2147483647;
			files = (
			);
			runOnlyForDeploymentPostprocessing = 0;
		};
		CD91627220728CC000DA5F96 /* Frameworks */ = {
			isa = PBXFrameworksBuildPhase;
			buildActionMask = 2147483647;
			files = (
			);
			runOnlyForDeploymentPostprocessing = 0;
		};
/* End PBXFrameworksBuildPhase section */

/* Begin PBXGroup section */
		CD91624D20728CBA00DA5F96 = {
			isa = PBXGroup;
			children = (
				CD91625820728CBA00DA5F96 /* quizApp */,
				CD91626D20728CC000DA5F96 /* quizAppTests */,
				CD91627820728CC000DA5F96 /* quizAppUITests */,
				CD91625720728CBA00DA5F96 /* Products */,
			);
			sourceTree = "<group>";
		};
		CD91625720728CBA00DA5F96 /* Products */ = {
			isa = PBXGroup;
			children = (
				CD91625620728CBA00DA5F96 /* quizApp.app */,
				CD91626A20728CC000DA5F96 /* quizAppTests.xctest */,
				CD91627520728CC000DA5F96 /* quizAppUITests.xctest */,
			);
			name = Products;
			sourceTree = "<group>";
		};
		CD91625820728CBA00DA5F96 /* quizApp */ = {
			isa = PBXGroup;
			children = (
				CD91625920728CBA00DA5F96 /* AppDelegate.swift */,
				CD91625B20728CBA00DA5F96 /* ViewController.swift */,
				CD91625D20728CBA00DA5F96 /* Main.storyboard */,
				CD91626020728CBF00DA5F96 /* Assets.xcassets */,
				CD91626220728CC000DA5F96 /* LaunchScreen.storyboard */,
				CD91626520728CC000DA5F96 /* Info.plist */,
			);
			path = quizApp;
			sourceTree = "<group>";
		};
		CD91626D20728CC000DA5F96 /* quizAppTests */ = {
			isa = PBXGroup;
			children = (
				CD91626E20728CC000DA5F96 /* quizAppTests.swift */,
				CD91627020728CC000DA5F96 /* Info.plist */,
			);
			path = quizAppTests;
			sourceTree = "<group>";
		};
		CD91627820728CC000DA5F96 /* quizAppUITests */ = {
			isa = PBXGroup;
			children = (
				CD91627920728CC000DA5F96 /* quizAppUITests.swift */,
				CD91627B20728CC000DA5F96 /* Info.plist */,
			);
			path = quizAppUITests;
			sourceTree = "<group>";
		};
/* End PBXGroup section */

/* Begin PBXNativeTarget section */
		CD91625520728CBA00DA5F96 /* quizApp */ = {
			isa = PBXNativeTarget;
			buildConfigurationList = CD91627E20728CC000DA5F96 /* Build configuration list for PBXNativeTarget "quizApp" */;
			buildPhases = (
				CD91625220728CBA00DA5F96 /* Sources */,
				CD91625320728CBA00DA5F96 /* Frameworks */,
				CD91625420728CBA00DA5F96 /* Resources */,
			);
			buildRules = (
			);
			dependencies = (
			);
			name = quizApp;
			productName = quizApp;
			productReference = CD91625620728CBA00DA5F96 /* quizApp.app */;
			productType = "com.apple.product-type.application";
		};
		CD91626920728CC000DA5F96 /* quizAppTests */ = {
			isa = PBXNativeTarget;
			buildConfigurationList = CD91628120728CC000DA5F96 /* Build configuration list for PBXNativeTarget "quizAppTests" */;
			buildPhases = (
				CD91626620728CC000DA5F96 /* Sources */,
				CD91626720728CC000DA5F96 /* Frameworks */,
				CD91626820728CC000DA5F96 /* Resources */,
			);
			buildRules = (
			);
			dependencies = (
				CD91626C20728CC000DA5F96 /* PBXTargetDependency */,
			);
			name = quizAppTests;
			productName = quizAppTests;
			productReference = CD91626A20728CC000DA5F96 /* quizAppTests.xctest */;
			productType = "com.apple.product-type.bundle.unit-test";
		};
		CD91627420728CC000DA5F96 /* quizAppUITests */ = {
			isa = PBXNativeTarget;
			buildConfigurationList = CD91628420728CC000DA5F96 /* Build configuration list for PBXNativeTarget "quizAppUITests" */;
			buildPhases = (
				CD91627120728CC000DA5F96 /* Sources */,
				CD91627220728CC000DA5F96 /* Frameworks */,
				CD91627320728CC000DA5F96 /* Resources */,
			);
			buildRules = (
			);
			dependencies = (
				CD91627720728CC000DA5F96 /* PBXTargetDependency */,
			);
			name = quizAppUITests;
			productName = quizAppUITests;
			productReference = CD91627520728CC000DA5F96 /* quizAppUITests.xctest */;
			productType = "com.apple.product-type.bundle.ui-testing";
		};
/* End PBXNativeTarget section */

/* Begin PBXProject section */
		CD91624E20728CBA00DA5F96 /* Project object */ = {
			isa = PBXProject;
			attributes = {
				LastSwiftUpdateCheck = 0930;
				LastUpgradeCheck = 0930;
				ORGANIZATIONNAME = JACKLIEN;
				TargetAttributes = {
					CD91625520728CBA00DA5F96 = {
						CreatedOnToolsVersion = 9.3;
					};
					CD91626920728CC000DA5F96 = {
						CreatedOnToolsVersion = 9.3;
						TestTargetID = CD91625520728CBA00DA5F96;
					};
					CD91627420728CC000DA5F96 = {
						CreatedOnToolsVersion = 9.3;
						TestTargetID = CD91625520728CBA00DA5F96;
					};
				};
			};
			buildConfigurationList = CD91625120728CBA00DA5F96 /* Build configuration list for PBXProject "quizApp" */;
			compatibilityVersion = "Xcode 9.3";
			developmentRegion = en;
			hasScannedForEncodings = 0;
			knownRegions = (
				en,
				Base,
			);
			mainGroup = CD91624D20728CBA00DA5F96;
			productRefGroup = CD91625720728CBA00DA5F96 /* Products */;
			projectDirPath = "";
			projectRoot = "";
			targets = (
				CD91625520728CBA00DA5F96 /* quizApp */,
				CD91626920728CC000DA5F96 /* quizAppTests */,
				CD91627420728CC000DA5F96 /* quizAppUITests */,
			);
		};
/* End PBXProject section */

/* Begin PBXResourcesBuildPhase section */
		CD91625420728CBA00DA5F96 /* Resources */ = {
			isa = PBXResourcesBuildPhase;
			buildActionMask = 2147483647;
			files = (
				CD91626420728CC000DA5F96 /* LaunchScreen.storyboard in Resources */,
				CD91626120728CBF00DA5F96 /* Assets.xcassets in Resources */,
				CD91625F20728CBA00DA5F96 /* Main.storyboard in Resources */,
			);
			runOnlyForDeploymentPostprocessing = 0;
		};
		CD91626820728CC000DA5F96 /* Resources */ = {
			isa = PBXResourcesBuildPhase;
			buildActionMask = 2147483647;
			files = (
			);
			runOnlyForDeploymentPostprocessing = 0;
		};
		CD91627320728CC000DA5F96 /* Resources */ = {
			isa = PBXResourcesBuildPhase;
			buildActionMask = 2147483647;
			files = (
			);
			runOnlyForDeploymentPostprocessing = 0;
		};
/* End PBXResourcesBuildPhase section */

/* Begin PBXSourcesBuildPhase section */
		CD91625220728CBA00DA5F96 /* Sources */ = {
			isa = PBXSourcesBuildPhase;
			buildActionMask = 2147483647;
			files = (
				CD91625C20728CBA00DA5F96 /* ViewController.swift in Sources */,
				CD91625A20728CBA00DA5F96 /* AppDelegate.swift in Sources */,
			);
			runOnlyForDeploymentPostprocessing = 0;
		};
		CD91626620728CC000DA5F96 /* Sources */ = {
			isa = PBXSourcesBuildPhase;
			buildActionMask = 2147483647;
			files = (
				CD91626F20728CC000DA5F96 /* quizAppTests.swift in Sources */,
			);
			runOnlyForDeploymentPostprocessing = 0;
		};
		CD91627120728CC000DA5F96 /* Sources */ = {
			isa = PBXSourcesBuildPhase;
			buildActionMask = 2147483647;
			files = (
				CD91627A20728CC000DA5F96 /* quizAppUITests.swift in Sources */,
			);
			runOnlyForDeploymentPostprocessing = 0;
		};
/* End PBXSourcesBuildPhase section */

/* Begin PBXTargetDependency section */
		CD91626C20728CC000DA5F96 /* PBXTargetDependency */ = {
			isa = PBXTargetDependency;
			target = CD91625520728CBA00DA5F96 /* quizApp */;
			targetProxy = CD91626B20728CC000DA5F96 /* PBXContainerItemProxy */;
		};
		CD91627720728CC000DA5F96 /* PBXTargetDependency */ = {
			isa = PBXTargetDependency;
			target = CD91625520728CBA00DA5F96 /* quizApp */;
			targetProxy = CD91627620728CC000DA5F96 /* PBXContainerItemProxy */;
		};
/* End PBXTargetDependency section */

/* Begin PBXVariantGroup section */
		CD91625D20728CBA00DA5F96 /* Main.storyboard */ = {
			isa = PBXVariantGroup;
			children = (
				CD91625E20728CBA00DA5F96 /* Base */,
			);
			name = Main.storyboard;
			sourceTree = "<group>";
		};
		CD91626220728CC000DA5F96 /* LaunchScreen.storyboard */ = {
			isa = PBXVariantGroup;
			children = (
				CD91626320728CC000DA5F96 /* Base */,
			);
			name = LaunchScreen.storyboard;
			sourceTree = "<group>";
		};
/* End PBXVariantGroup section */

/* Begin XCBuildConfiguration section */
		CD91627C20728CC000DA5F96 /* Debug */ = {
			isa = XCBuildConfiguration;
			buildSettings = {
				ALWAYS_SEARCH_USER_PATHS = NO;
				CLANG_ANALYZER_NONNULL = YES;
				CLANG_ANALYZER_NUMBER_OBJECT_CONVERSION = YES_AGGRESSIVE;
				CLANG_CXX_LANGUAGE_STANDARD = "gnu++14";
				CLANG_CXX_LIBRARY = "libc++";
				CLANG_ENABLE_MODULES = YES;
				CLANG_ENABLE_OBJC_ARC = YES;
				CLANG_ENABLE_OBJC_WEAK = YES;
				CLANG_WARN_BLOCK_CAPTURE_AUTORELEASING = YES;
				CLANG_WARN_BOOL_CONVERSION = YES;
				CLANG_WARN_COMMA = YES;
				CLANG_WARN_CONSTANT_CONVERSION = YES;
				CLANG_WARN_DEPRECATED_OBJC_IMPLEMENTATIONS = YES;
				CLANG_WARN_DIRECT_OBJC_ISA_USAGE = YES_ERROR;
				CLANG_WARN_DOCUMENTATION_COMMENTS = YES;
				CLANG_WARN_EMPTY_BODY = YES;
				CLANG_WARN_ENUM_CONVERSION = YES;
				CLANG_WARN_INFINITE_RECURSION = YES;
				CLANG_WARN_INT_CONVERSION = YES;
				CLANG_WARN_NON_LITERAL_NULL_CONVERSION = YES;
				CLANG_WARN_OBJC_IMPLICIT_RETAIN_SELF = YES;
				CLANG_WARN_OBJC_LITERAL_CONVERSION = YES;
				CLANG_WARN_OBJC_ROOT_CLASS = YES_ERROR;
				CLANG_WARN_RANGE_LOOP_ANALYSIS = YES;
				CLANG_WARN_STRICT_PROTOTYPES = YES;
				CLANG_WARN_SUSPICIOUS_MOVE = YES;
				CLANG_WARN_UNGUARDED_AVAILABILITY = YES_AGGRESSIVE;
				CLANG_WARN_UNREACHABLE_CODE = YES;
				CLANG_WARN__DUPLICATE_METHOD_MATCH = YES;
				CODE_SIGN_IDENTITY = "iPhone Developer";
				COPY_PHASE_STRIP = NO;
				DEBUG_INFORMATION_FORMAT = dwarf;
				ENABLE_STRICT_OBJC_MSGSEND = YES;
				ENABLE_TESTABILITY = YES;
				GCC_C_LANGUAGE_STANDARD = gnu11;
				GCC_DYNAMIC_NO_PIC = NO;
				GCC_NO_COMMON_BLOCKS = YES;
				GCC_OPTIMIZATION_LEVEL = 0;
				GCC_PREPROCESSOR_DEFINITIONS = (
					"DEBUG=1",
					"$(inherited)",
				);
				GCC_WARN_64_TO_32_BIT_CONVERSION = YES;
				GCC_WARN_ABOUT_RETURN_TYPE = YES_ERROR;
				GCC_WARN_UNDECLARED_SELECTOR = YES;
				GCC_WARN_UNINITIALIZED_AUTOS = YES_AGGRESSIVE;
				GCC_WARN_UNUSED_FUNCTION = YES;
				GCC_WARN_UNUSED_VARIABLE = YES;
				IPHONEOS_DEPLOYMENT_TARGET = 11.3;
				MTL_ENABLE_DEBUG_INFO = YES;
				ONLY_ACTIVE_ARCH = YES;
				SDKROOT = iphoneos;
				SWIFT_ACTIVE_COMPILATION_CONDITIONS = DEBUG;
				SWIFT_OPTIMIZATION_LEVEL = "-Onone";
			};
			name = Debug;
		};
		CD91627D20728CC000DA5F96 /* Release */ = {
			isa = XCBuildConfiguration;
			buildSettings = {
				ALWAYS_SEARCH_USER_PATHS = NO;
				CLANG_ANALYZER_NONNULL = YES;
				CLANG_ANALYZER_NUMBER_OBJECT_CONVERSION = YES_AGGRESSIVE;
				CLANG_CXX_LANGUAGE_STANDARD = "gnu++14";
				CLANG_CXX_LIBRARY = "libc++";
				CLANG_ENABLE_MODULES = YES;
				CLANG_ENABLE_OBJC_ARC = YES;
				CLANG_ENABLE_OBJC_WEAK = YES;
				CLANG_WARN_BLOCK_CAPTURE_AUTORELEASING = YES;
				CLANG_WARN_BOOL_CONVERSION = YES;
				CLANG_WARN_COMMA = YES;
				CLANG_WARN_CONSTANT_CONVERSION = YES;
				CLANG_WARN_DEPRECATED_OBJC_IMPLEMENTATIONS = YES;
				CLANG_WARN_DIRECT_OBJC_ISA_USAGE = YES_ERROR;
				CLANG_WARN_DOCUMENTATION_COMMENTS = YES;
				CLANG_WARN_EMPTY_BODY = YES;
				CLANG_WARN_ENUM_CONVERSION = YES;
				CLANG_WARN_INFINITE_RECURSION = YES;
				CLANG_WARN_INT_CONVERSION = YES;
				CLANG_WARN_NON_LITERAL_NULL_CONVERSION = YES;
				CLANG_WARN_OBJC_IMPLICIT_RETAIN_SELF = YES;
				CLANG_WARN_OBJC_LITERAL_CONVERSION = YES;
				CLANG_WARN_OBJC_ROOT_CLASS = YES_ERROR;
				CLANG_WARN_RANGE_LOOP_ANALYSIS = YES;
				CLANG_WARN_STRICT_PROTOTYPES = YES;
				CLANG_WARN_SUSPICIOUS_MOVE = YES;
				CLANG_WARN_UNGUARDED_AVAILABILITY = YES_AGGRESSIVE;
				CLANG_WARN_UNREACHABLE_CODE = YES;
				CLANG_WARN__DUPLICATE_METHOD_MATCH = YES;
				CODE_SIGN_IDENTITY = "iPhone Developer";
				COPY_PHASE_STRIP = NO;
				DEBUG_INFORMATION_FORMAT = "dwarf-with-dsym";
				ENABLE_NS_ASSERTIONS = NO;
				ENABLE_STRICT_OBJC_MSGSEND = YES;
				GCC_C_LANGUAGE_STANDARD = gnu11;
				GCC_NO_COMMON_BLOCKS = YES;
				GCC_WARN_64_TO_32_BIT_CONVERSION = YES;
				GCC_WARN_ABOUT_RETURN_TYPE = YES_ERROR;
				GCC_WARN_UNDECLARED_SELECTOR = YES;
				GCC_WARN_UNINITIALIZED_AUTOS = YES_AGGRESSIVE;
				GCC_WARN_UNUSED_FUNCTION = YES;
				GCC_WARN_UNUSED_VARIABLE = YES;
				IPHONEOS_DEPLOYMENT_TARGET = 11.3;
				MTL_ENABLE_DEBUG_INFO = NO;
				SDKROOT = iphoneos;
				SWIFT_COMPILATION_MODE = wholemodule;
				SWIFT_OPTIMIZATION_LEVEL = "-O";
				VALIDATE_PRODUCT = YES;
			};
			name = Release;
		};
		CD91627F20728CC000DA5F96 /* Debug */ = {
			isa = XCBuildConfiguration;
			buildSettings = {
				ASSETCATALOG_COMPILER_APPICON_NAME = AppIcon;
				CODE_SIGN_STYLE = Automatic;
				INFOPLIST_FILE = quizApp/Info.plist;
				LD_RUNPATH_SEARCH_PATHS = (
					"$(inherited)",
					"@executable_path/Frameworks",
				);
				PRODUCT_BUNDLE_IDENTIFIER = com.jacklien.quizApp;
				PRODUCT_NAME = "$(TARGET_NAME)";
				SWIFT_VERSION = 4.0;
				TARGETED_DEVICE_FAMILY = "1,2";
			};
			name = Debug;
		};
		CD91628020728CC000DA5F96 /* Release */ = {
			isa = XCBuildConfiguration;
			buildSettings = {
				ASSETCATALOG_COMPILER_APPICON_NAME = AppIcon;
				CODE_SIGN_STYLE = Automatic;
				INFOPLIST_FILE = quizApp/Info.plist;
				LD_RUNPATH_SEARCH_PATHS = (
					"$(inherited)",
					"@executable_path/Frameworks",
				);
				PRODUCT_BUNDLE_IDENTIFIER = com.jacklien.quizApp;
				PRODUCT_NAME = "$(TARGET_NAME)";
				SWIFT_VERSION = 4.0;
				TARGETED_DEVICE_FAMILY = "1,2";
			};
			name = Release;
		};
		CD91628220728CC000DA5F96 /* Debug */ = {
			isa = XCBuildConfiguration;
			buildSettings = {
				ALWAYS_EMBED_SWIFT_STANDARD_LIBRARIES = YES;
				BUNDLE_LOADER = "$(TEST_HOST)";
				CODE_SIGN_STYLE = Automatic;
				INFOPLIST_FILE = quizAppTests/Info.plist;
				LD_RUNPATH_SEARCH_PATHS = (
					"$(inherited)",
					"@executable_path/Frameworks",
					"@loader_path/Frameworks",
				);
				PRODUCT_BUNDLE_IDENTIFIER = com.jacklien.quizAppTests;
				PRODUCT_NAME = "$(TARGET_NAME)";
				SWIFT_VERSION = 4.0;
				TARGETED_DEVICE_FAMILY = "1,2";
				TEST_HOST = "$(BUILT_PRODUCTS_DIR)/quizApp.app/quizApp";
			};
			name = Debug;
		};
		CD91628320728CC000DA5F96 /* Release */ = {
			isa = XCBuildConfiguration;
			buildSettings = {
				ALWAYS_EMBED_SWIFT_STANDARD_LIBRARIES = YES;
				BUNDLE_LOADER = "$(TEST_HOST)";
				CODE_SIGN_STYLE = Automatic;
				INFOPLIST_FILE = quizAppTests/Info.plist;
				LD_RUNPATH_SEARCH_PATHS = (
					"$(inherited)",
					"@executable_path/Frameworks",
					"@loader_path/Frameworks",
				);
				PRODUCT_BUNDLE_IDENTIFIER = com.jacklien.quizAppTests;
				PRODUCT_NAME = "$(TARGET_NAME)";
				SWIFT_VERSION = 4.0;
				TARGETED_DEVICE_FAMILY = "1,2";
				TEST_HOST = "$(BUILT_PRODUCTS_DIR)/quizApp.app/quizApp";
			};
			name = Release;
		};
		CD91628520728CC000DA5F96 /* Debug */ = {
			isa = XCBuildConfiguration;
			buildSettings = {
				ALWAYS_EMBED_SWIFT_STANDARD_LIBRARIES = YES;
				CODE_SIGN_STYLE = Automatic;
				INFOPLIST_FILE = quizAppUITests/Info.plist;
				LD_RUNPATH_SEARCH_PATHS = (
					"$(inherited)",
					"@executable_path/Frameworks",
					"@loader_path/Frameworks",
				);
				PRODUCT_BUNDLE_IDENTIFIER = com.jacklien.quizAppUITests;
				PRODUCT_NAME = "$(TARGET_NAME)";
				SWIFT_VERSION = 4.0;
				TARGETED_DEVICE_FAMILY = "1,2";
				TEST_TARGET_NAME = quizApp;
			};
			name = Debug;
		};
		CD91628620728CC000DA5F96 /* Release */ = {
			isa = XCBuildConfiguration;
			buildSettings = {
				ALWAYS_EMBED_SWIFT_STANDARD_LIBRARIES = YES;
				CODE_SIGN_STYLE = Automatic;
				INFOPLIST_FILE = quizAppUITests/Info.plist;
				LD_RUNPATH_SEARCH_PATHS = (
					"$(inherited)",
					"@executable_path/Frameworks",
					"@loader_path/Frameworks",
				);
				PRODUCT_BUNDLE_IDENTIFIER = com.jacklien.quizAppUITests;
				PRODUCT_NAME = "$(TARGET_NAME)";
				SWIFT_VERSION = 4.0;
				TARGETED_DEVICE_FAMILY = "1,2";
				TEST_TARGET_NAME = quizApp;
			};
			name = Release;
		};
/* End XCBuildConfiguration section */

/* Begin XCConfigurationList section */
		CD91625120728CBA00DA5F96 /* Build configuration list for PBXProject "quizApp" */ = {
			isa = XCConfigurationList;
			buildConfigurations = (
				CD91627C20728CC000DA5F96 /* Debug */,
				CD91627D20728CC000DA5F96 /* Release */,
			);
			defaultConfigurationIsVisible = 0;
			defaultConfigurationName = Release;
		};
		CD91627E20728CC000DA5F96 /* Build configuration list for PBXNativeTarget "quizApp" */ = {
			isa = XCConfigurationList;
			buildConfigurations = (
				CD91627F20728CC000DA5F96 /* Debug */,
				CD91628020728CC000DA5F96 /* Release */,
			);
			defaultConfigurationIsVisible = 0;
			defaultConfigurationName = Release;
		};
		CD91628120728CC000DA5F96 /* Build configuration list for PBXNativeTarget "quizAppTests" */ = {
			isa = XCConfigurationList;
			buildConfigurations = (
				CD91628220728CC000DA5F96 /* Debug */,
				CD91628320728CC000DA5F96 /* Release */,
			);
			defaultConfigurationIsVisible = 0;
			defaultConfigurationName = Release;
		};
		CD91628420728CC000DA5F96 /* Build configuration list for PBXNativeTarget "quizAppUITests" */ = {
			isa = XCConfigurationList;
			buildConfigurations = (
				CD91628520728CC000DA5F96 /* Debug */,
				CD91628620728CC000DA5F96 /* Release */,
			);
			defaultConfigurationIsVisible = 0;
			defaultConfigurationName = Release;
		};
/* End XCConfigurationList section */
	};
	rootObject = CD91624E20728CBA00DA5F96 /* Project object */;
}
